<Solution>
  <Project Path="AetherLove.Plugin/AetherLovePlugin.csproj">
    <Platform Project="x64" />
  </Project>
  <Project Path="AetherLove.Shared/AetherLove.Shared.csproj">
    <Platform Project="x64" />
  </Project>
  <Project Path="AetherLove.AppKit/AetherLove.AppKit.csproj">
    <Platform Project="x64" />
  </Project>
  <Project Path="AetherLove.Core/AetherLove.Core.csproj">
    <Platform Project="x64" />
  </Project>
  <Project Path="AetherOS.Apps.Aetherling/AetherOS.Apps.Aetherling.csproj">
    <Platform Project="x64" />
  </Project>
  <Project Path="AetherOS.Apps.Breaker/AetherOS.Apps.Breaker.csproj">
    <Platform Project="x64" />
  </Project>
  <Project Path="AetherOS.Apps.Calculator/AetherOS.Apps.Calculator.csproj">
    <Platform Project="x64" />
  </Project>
  <Project Path="AetherOS.Apps.Calendar/AetherOS.Apps.Calendar.csproj">
    <Platform Project="x64" />
  </Project>
  <Project Path="AetherOS.Apps.Camera/AetherOS.Apps.Camera.csproj">
    <Platform Project="x64" />
  </Project>
  <Project Path="AetherOS.Apps.Clock/AetherOS.Apps.Clock.csproj">
    <Platform Project="x64" />
  </Project>
  <Project Path="AetherOS.Apps.Doom.Engine/AetherOS.Apps.Doom.Engine.csproj">
    <Platform Project="x64" />
  </Project>
  <Project Path="AetherOS.Apps.Doom/AetherOS.Apps.Doom.csproj">
    <Platform Project="x64" />
  </Project>
  <Project Path="AetherOS.Apps.EchoVidya/AetherOS.Apps.EchoVidya.csproj">
    <Platform Project="x64" />
  </Project>
  <Project Path="AetherOS.Apps.Eordle/AetherOS.Apps.Eordle.csproj">
    <Platform Project="x64" />
  </Project>
  <Project Path="AetherOS.Apps.Feedback/AetherOS.Apps.Feedback.csproj">
    <Platform Project="x64" />
  </Project>
  <Project Path="AetherOS.Apps.Groove/AetherOS.Apps.Groove.csproj">
    <Platform Project="x64" />
  </Project>
  <Project Path="AetherOS.Apps.Hangouts/AetherOS.Apps.Hangouts.csproj">
    <Platform Project="x64" />
  </Project>
  <Project Path="AetherOS.Apps.Levemetes/AetherOS.Apps.Levemetes.csproj">
    <Platform Project="x64" />
  </Project>
  <Project Path="AetherOS.Apps.Love/AetherOS.Apps.Love.csproj">
    <Platform Project="x64" />
  </Project>
  <Project Path="AetherOS.Apps.Market/AetherOS.Apps.Market.csproj">
    <Platform Project="x64" />
  </Project>
  <Project Path="AetherOS.Apps.MazeMuncher/AetherOS.Apps.MazeMuncher.csproj">
    <Platform Project="x64" />
  </Project>
  <Project Path="AetherOS.Apps.Messenger/AetherOS.Apps.Messenger.csproj">
    <Platform Project="x64" />
  </Project>
  <Project Path="AetherOS.Apps.MeteorCommand/AetherOS.Apps.MeteorCommand.csproj">
    <Platform Project="x64" />
  </Project>
  <Project Path="AetherOS.Apps.News/AetherOS.Apps.News.csproj">
    <Platform Project="x64" />
  </Project>
  <Project Path="AetherOS.Apps.Notes/AetherOS.Apps.Notes.csproj">
    <Platform Project="x64" />
  </Project>
  <Project Path="AetherOS.Apps.Photos/AetherOS.Apps.Photos.csproj">
    <Platform Project="x64" />
  </Project>
  <Project Path="AetherOS.Apps.Places/AetherOS.Apps.Places.csproj">
    <Platform Project="x64" />
  </Project>
  <Project Path="AetherOS.Apps.Plappy/AetherOS.Apps.Plappy.csproj">
    <Platform Project="x64" />
  </Project>
  <Project Path="AetherOS.Apps.Racooner/AetherOS.Apps.Racooner.csproj">
    <Platform Project="x64" />
  </Project>
  <Project Path="AetherOS.Apps.Realtor/AetherOS.Apps.Realtor.csproj">
    <Platform Project="x64" />
  </Project>
  <Project Path="AetherOS.Apps.Settings/AetherOS.Apps.Settings.csproj">
    <Platform Project="x64" />
  </Project>
  <Project Path="AetherOS.Apps.SkySwarm/AetherOS.Apps.SkySwarm.csproj">
    <Platform Project="x64" />
  </Project>
  <Project Path="AetherOS.Apps.Snake/AetherOS.Apps.Snake.csproj">
    <Platform Project="x64" />
  </Project>
  <Project Path="AetherOS.Apps.Stacker/AetherOS.Apps.Stacker.csproj">
    <Platform Project="x64" />
  </Project>
  <Project Path="AetherOS.Apps.Store/AetherOS.Apps.Store.csproj">
    <Platform Project="x64" />
  </Project>
  <Project Path="AetherOS.Apps.Sudoku/AetherOS.Apps.Sudoku.csproj">
    <Platform Project="x64" />
  </Project>
  <Project Path="AetherOS.Apps.Timers/AetherOS.Apps.Timers.csproj">
    <Platform Project="x64" />
  </Project>
  <Project Path="AetherOS.Apps.Together/AetherOS.Apps.Together.csproj">
    <Platform Project="x64" />
  </Project>
  <Project Path="AetherOS.Apps.VoidInvaders/AetherOS.Apps.VoidInvaders.csproj">
    <Platform Project="x64" />
  </Project>
  <Project Path="AetherOS.Apps.Wallet/AetherOS.Apps.Wallet.csproj">
    <Platform Project="x64" />
  </Project>
  <Project Path="AetherOS.Apps.Wayfinder/AetherOS.Apps.Wayfinder.csproj">
    <Platform Project="x64" />
  </Project>
  <Project Path="AetherOS.Apps.Weather/AetherOS.Apps.Weather.csproj">
    <Platform Project="x64" />
  </Project>
  <Project Path="AetherOS.Apps.Yapper/AetherOS.Apps.Yapper.csproj">
    <Platform Project="x64" />
  </Project>
  <Project Path="AetherOS.Sdk/AetherOS.Sdk.csproj">
    <Platform Project="x64" />
  </Project>
  <Project Path="AetherOS.Shell/AetherOS.Shell.csproj">
    <Platform Project="x64" />
  </Project>
  <Project Path="AetherOS.WatchHost/AetherOS.WatchHost.csproj">
    <Platform Project="x64" />
  </Project>
</Solution>
